
Microsoft Visual Studio Solution File, Format Version 12.00
# Visual Studio Version 17
VisualStudioVersion = 17.5.002.0
MinimumVisualStudioVersion = 10.0.40219.1
Project("{9A19103F-16F7-4668-BE54-9A1E7A4F7556}") = "prove-09", "prove-09.csproj", "{4619AAB4-F026-414B-A1BE-D0801AA30759}"
EndProject
Global
	GlobalSection(SolutionConfigurationPlatforms) = preSolution
		Debug|Any CPU = Debug|Any CPU
		Release|Any CPU = Release|Any CPU
	EndGlobalSection
	GlobalSection(ProjectConfigurationPlatforms) = postSolution
		{4619AAB4-F026-414B-A1BE-D0801AA30759}.Debug|Any CPU.ActiveCfg = Debug|Any CPU
		{4619AAB4-F026-414B-A1BE-D0801AA30759}.Debug|Any CPU.Build.0 = Debug|Any CPU
		{4619AAB4-F026-414B-A1BE-D0801AA30759}.Release|Any CPU.ActiveCfg = Release|Any CPU
		{4619AAB4-F026-414B-A1BE-D0801AA30759}.Release|Any CPU.Build.0 = Release|Any CPU
	EndGlobalSection
	GlobalSection(SolutionProperties) = preSolution
		HideSolutionNode = FALSE
	EndGlobalSection
	GlobalSection(ExtensibilityGlobals) = postSolution
		SolutionGuid = {A0FBDCD7-BC44-4C47-B0BA-0AFF969B6E41}
	EndGlobalSection
EndGlobal
